{
  "name": "@frontend/dcc-system-components",
  "version": "0.1.3",
  "lockfileVersion": 2,
  "requires": true,
  "packages": {
    "": {
      "name": "@frontend/dcc-system-components",
      "version": "0.1.3",
      "license": "ISC",
      "dependencies": {
        "@crc/tools-sdk": "^1.0.9",
        "@frontend/dcc-utils": "0.0.8",
        "@frontend/oss-viewer": "^0.2.0",
        "classnames": "^2.2.6"
      },
      "devDependencies": {},
      "peerDependencies": {
        "react": "^16.8.0",
        "react-dom": "^16.8.0"
      }
    },
    "node_modules/@crc/tools-sdk": {
      "version": "1.0.10",
      "resolved": "https://gitlab.codemao.cn/api/v4/projects/1094/packages/npm/@crc/tools-sdk/-/@crc/tools-sdk-1.0.10.tgz",
      "integrity": "sha1-41Yorp/vipodLV23kEKf80vxkFg=",
      "dependencies": {
        "@types/ramda": "0.27.37",
        "@types/recordrtc": "^5.6.8",
        "axios": "^0.23.0",
        "dsbridge": "^3.1.4",
        "penpal": "^6.1.0",
        "ramda": "^0.27.1",
        "recordrtc": "^5.6.2"
      }
    },
    "node_modules/@frontend/dcc-utils": {
      "version": "0.0.8",
      "resolved": "https://gitlab.codemao.cn/api/v4/projects/1046/packages/npm/@frontend/dcc-utils/-/@frontend/dcc-utils-0.0.8.tgz",
      "integrity": "sha1-s2eEz79Vt1hcjYFA7NONIPPfRzM="
    },
    "node_modules/@frontend/oss-viewer": {
      "version": "0.2.0",
      "resolved": "https://gitlab.codemao.cn/api/v4/projects/588/packages/npm/@frontend/oss-viewer/-/@frontend/oss-viewer-0.2.0.tgz",
      "integrity": "sha1-MNDmiISvJzE/naBptEqDdF6K+R0="
    },
    "node_modules/@types/ramda": {
      "version": "0.27.37",
      "resolved": "https://registry.npmmirror.com/@types/ramda/download/@types/ramda-0.27.37.tgz?cache=0&sync_timestamp=1632535382066&other_urls=https%3A%2F%2Fregistry.npmmirror.com%2F%40types%2Framda%2Fdownload%2F%40types%2Framda-0.27.37.tgz",
      "integrity": "sha1-XrwGcsz7azRRCCWE+iUp/33kcs8=",
      "dependencies": {
        "ts-toolbelt": "^6.15.1"
      }
    },
    "node_modules/@types/recordrtc": {
      "version": "5.6.8",
      "resolved": "https://registry.npmmirror.com/@types/recordrtc/download/@types/recordrtc-5.6.8.tgz",
      "integrity": "sha1-XzrPFRBh6y40YzyBEso8a1qzSms=",
      "license": "MIT"
    },
    "node_modules/axios": {
      "version": "0.23.0",
      "resolved": "https://registry.npmmirror.com/axios/download/axios-0.23.0.tgz?cache=0&sync_timestamp=1635213960429&other_urls=https%3A%2F%2Fregistry.npmmirror.com%2Faxios%2Fdownload%2Faxios-0.23.0.tgz",
      "integrity": "sha1-sPpdCUio0ddePVY1I4tsRiWwUUk=",
      "license": "MIT",
      "dependencies": {
        "follow-redirects": "^1.14.4"
      }
    },
    "node_modules/classnames": {
      "version": "2.3.1",
      "resolved": "https://registry.npm.taobao.org/classnames/download/classnames-2.3.1.tgz?cache=0&sync_timestamp=1617400318265&other_urls=https%3A%2F%2Fregistry.npm.taobao.org%2Fclassnames%2Fdownload%2Fclassnames-2.3.1.tgz",
      "integrity": "sha1-38+jiR4wbsHa0QXQ6I9EF7hTXo4="
    },
    "node_modules/dsbridge": {
      "version": "3.1.4",
      "resolved": "https://registry.npm.taobao.org/dsbridge/download/dsbridge-3.1.4.tgz",
      "integrity": "sha1-LNWY3vAX349ym0DTO8nHKTTUThk="
    },
    "node_modules/follow-redirects": {
      "version": "1.14.4",
      "resolved": "https://registry.nlark.com/follow-redirects/download/follow-redirects-1.14.4.tgz?cache=0&sync_timestamp=1631622163078&other_urls=https%3A%2F%2Fregistry.nlark.com%2Ffollow-redirects%2Fdownload%2Ffollow-redirects-1.14.4.tgz",
      "integrity": "sha1-g4/fSKi73XnlLuUfsclOPtmLk3k=",
      "engines": {
        "node": ">=4.0"
      }
    },
    "node_modules/js-tokens": {
      "version": "4.0.0",
      "resolved": "https://registry.nlark.com/js-tokens/download/js-tokens-4.0.0.tgz?cache=0&sync_timestamp=1619345098261&other_urls=https%3A%2F%2Fregistry.nlark.com%2Fjs-tokens%2Fdownload%2Fjs-tokens-4.0.0.tgz",
      "integrity": "sha1-GSA/tZmR35jjoocFDUZHzerzJJk=",
      "peer": true
    },
    "node_modules/loose-envify": {
      "version": "1.4.0",
      "resolved": "https://registry.npm.taobao.org/loose-envify/download/loose-envify-1.4.0.tgz",
      "integrity": "sha1-ce5R+nvkyuwaY4OffmgtgTLTDK8=",
      "peer": true,
      "dependencies": {
        "js-tokens": "^3.0.0 || ^4.0.0"
      },
      "bin": {
        "loose-envify": "cli.js"
      }
    },
    "node_modules/object-assign": {
      "version": "4.1.1",
      "resolved": "https://registry.npm.taobao.org/object-assign/download/object-assign-4.1.1.tgz",
      "integrity": "sha1-IQmtx5ZYh8/AXLvUQsrIv7s2CGM=",
      "peer": true,
      "engines": {
        "node": ">=0.10.0"
      }
    },
    "node_modules/penpal": {
      "version": "6.2.1",
      "resolved": "https://registry.npmmirror.com/penpal/download/penpal-6.2.1.tgz",
      "integrity": "sha1-nrongEGbdZhLEJpjL/GN1ZI7wUM=",
      "license": "MIT"
    },
    "node_modules/prop-types": {
      "version": "15.7.2",
      "resolved": "https://registry.npm.taobao.org/prop-types/download/prop-types-15.7.2.tgz",
      "integrity": "sha1-UsQedbjIfnK52TYOAga5ncv/psU=",
      "peer": true,
      "dependencies": {
        "loose-envify": "^1.4.0",
        "object-assign": "^4.1.1",
        "react-is": "^16.8.1"
      }
    },
    "node_modules/ramda": {
      "version": "0.27.1",
      "resolved": "https://registry.npm.taobao.org/ramda/download/ramda-0.27.1.tgz",
      "integrity": "sha1-Zvwt8++HOHT/wtpqqJhGWKus9ck="
    },
    "node_modules/react": {
      "version": "16.14.0",
      "resolved": "https://registry.npmmirror.com/react/download/react-16.14.0.tgz",
      "integrity": "sha1-lNd23dCqo32j7aj8W2sYpMmjEU0=",
      "peer": true,
      "dependencies": {
        "loose-envify": "^1.1.0",
        "object-assign": "^4.1.1",
        "prop-types": "^15.6.2"
      },
      "engines": {
        "node": ">=0.10.0"
      }
    },
    "node_modules/react-dom": {
      "version": "16.14.0",
      "resolved": "https://registry.npmmirror.com/react-dom/download/react-dom-16.14.0.tgz",
      "integrity": "sha1-etg47Cmnd/s8dcOhkPZhz5Kri4k=",
      "peer": true,
      "dependencies": {
        "loose-envify": "^1.1.0",
        "object-assign": "^4.1.1",
        "prop-types": "^15.6.2",
        "scheduler": "^0.19.1"
      },
      "peerDependencies": {
        "react": "^16.14.0"
      }
    },
    "node_modules/react-is": {
      "version": "16.13.1",
      "resolved": "https://registry.npmmirror.com/react-is/download/react-is-16.13.1.tgz?cache=0&sync_timestamp=1635839849041&other_urls=https%3A%2F%2Fregistry.npmmirror.com%2Freact-is%2Fdownload%2Freact-is-16.13.1.tgz",
      "integrity": "sha1-eJcppNw23imZ3BVt1sHZwYzqVqQ=",
      "peer": true
    },
    "node_modules/recordrtc": {
      "version": "5.6.2",
      "resolved": "https://registry.npm.taobao.org/recordrtc/download/recordrtc-5.6.2.tgz",
      "integrity": "sha1-SPwhSzUISXPMzoLGJRGYtXQrwyc="
    },
    "node_modules/scheduler": {
      "version": "0.19.1",
      "resolved": "https://registry.npmmirror.com/scheduler/download/scheduler-0.19.1.tgz?cache=0&sync_timestamp=1635819785737&other_urls=https%3A%2F%2Fregistry.npmmirror.com%2Fscheduler%2Fdownload%2Fscheduler-0.19.1.tgz",
      "integrity": "sha1-Tz4u0sGn1laB9MhU+oxaHMtA8ZY=",
      "peer": true,
      "dependencies": {
        "loose-envify": "^1.1.0",
        "object-assign": "^4.1.1"
      }
    },
    "node_modules/ts-toolbelt": {
      "version": "6.15.5",
      "resolved": "https://registry.nlark.com/ts-toolbelt/download/ts-toolbelt-6.15.5.tgz",
      "integrity": "sha1-yztD7XJctjZEeCxk+8rX2PKMCoM="
    }
  },
  "dependencies": {
    "@crc/tools-sdk": {
      "version": "1.0.10",
      "resolved": "https://gitlab.codemao.cn/api/v4/projects/1094/packages/npm/@crc/tools-sdk/-/@crc/tools-sdk-1.0.10.tgz",
      "integrity": "sha1-41Yorp/vipodLV23kEKf80vxkFg=",
      "requires": {
        "@types/ramda": "0.27.37",
        "@types/recordrtc": "^5.6.8",
        "axios": "^0.23.0",
        "dsbridge": "^3.1.4",
        "penpal": "^6.1.0",
        "ramda": "^0.27.1",
        "recordrtc": "^5.6.2"
      }
    },
    "@frontend/dcc-utils": {
      "version": "0.0.8",
      "resolved": "https://gitlab.codemao.cn/api/v4/projects/1046/packages/npm/@frontend/dcc-utils/-/@frontend/dcc-utils-0.0.8.tgz",
      "integrity": "sha1-s2eEz79Vt1hcjYFA7NONIPPfRzM="
    },
    "@frontend/oss-viewer": {
      "version": "0.2.0",
      "resolved": "https://gitlab.codemao.cn/api/v4/projects/588/packages/npm/@frontend/oss-viewer/-/@frontend/oss-viewer-0.2.0.tgz",
      "integrity": "sha1-MNDmiISvJzE/naBptEqDdF6K+R0="
    },
    "@types/ramda": {
      "version": "0.27.37",
      "resolved": "https://registry.npmmirror.com/@types/ramda/download/@types/ramda-0.27.37.tgz?cache=0&sync_timestamp=1632535382066&other_urls=https%3A%2F%2Fregistry.npmmirror.com%2F%40types%2Framda%2Fdownload%2F%40types%2Framda-0.27.37.tgz",
      "integrity": "sha1-XrwGcsz7azRRCCWE+iUp/33kcs8=",
      "requires": {
        "ts-toolbelt": "^6.15.1"
      }
    },
    "@types/recordrtc": {
      "version": "5.6.8",
      "resolved": "https://registry.npmmirror.com/@types/recordrtc/download/@types/recordrtc-5.6.8.tgz",
      "integrity": "sha1-XzrPFRBh6y40YzyBEso8a1qzSms="
    },
    "axios": {
      "version": "0.23.0",
      "resolved": "https://registry.npmmirror.com/axios/download/axios-0.23.0.tgz?cache=0&sync_timestamp=1635213960429&other_urls=https%3A%2F%2Fregistry.npmmirror.com%2Faxios%2Fdownload%2Faxios-0.23.0.tgz",
      "integrity": "sha1-sPpdCUio0ddePVY1I4tsRiWwUUk=",
      "requires": {
        "follow-redirects": "^1.14.4"
      }
    },
    "classnames": {
      "version": "2.3.1",
      "resolved": "https://registry.npm.taobao.org/classnames/download/classnames-2.3.1.tgz?cache=0&sync_timestamp=1617400318265&other_urls=https%3A%2F%2Fregistry.npm.taobao.org%2Fclassnames%2Fdownload%2Fclassnames-2.3.1.tgz",
      "integrity": "sha1-38+jiR4wbsHa0QXQ6I9EF7hTXo4="
    },
    "dsbridge": {
      "version": "3.1.4",
      "resolved": "https://registry.npm.taobao.org/dsbridge/download/dsbridge-3.1.4.tgz",
      "integrity": "sha1-LNWY3vAX349ym0DTO8nHKTTUThk="
    },
    "follow-redirects": {
      "version": "1.14.4",
      "resolved": "https://registry.nlark.com/follow-redirects/download/follow-redirects-1.14.4.tgz?cache=0&sync_timestamp=1631622163078&other_urls=https%3A%2F%2Fregistry.nlark.com%2Ffollow-redirects%2Fdownload%2Ffollow-redirects-1.14.4.tgz",
      "integrity": "sha1-g4/fSKi73XnlLuUfsclOPtmLk3k="
    },
    "js-tokens": {
      "version": "4.0.0",
      "resolved": "https://registry.nlark.com/js-tokens/download/js-tokens-4.0.0.tgz?cache=0&sync_timestamp=1619345098261&other_urls=https%3A%2F%2Fregistry.nlark.com%2Fjs-tokens%2Fdownload%2Fjs-tokens-4.0.0.tgz",
      "integrity": "sha1-GSA/tZmR35jjoocFDUZHzerzJJk=",
      "peer": true
    },
    "loose-envify": {
      "version": "1.4.0",
      "resolved": "https://registry.npm.taobao.org/loose-envify/download/loose-envify-1.4.0.tgz",
      "integrity": "sha1-ce5R+nvkyuwaY4OffmgtgTLTDK8=",
      "peer": true,
      "requires": {
        "js-tokens": "^3.0.0 || ^4.0.0"
      }
    },
    "object-assign": {
      "version": "4.1.1",
      "resolved": "https://registry.npm.taobao.org/object-assign/download/object-assign-4.1.1.tgz",
      "integrity": "sha1-IQmtx5ZYh8/AXLvUQsrIv7s2CGM=",
      "peer": true
    },
    "penpal": {
      "version": "6.2.1",
      "resolved": "https://registry.npmmirror.com/penpal/download/penpal-6.2.1.tgz",
      "integrity": "sha1-nrongEGbdZhLEJpjL/GN1ZI7wUM="
    },
    "prop-types": {
      "version": "15.7.2",
      "resolved": "https://registry.npm.taobao.org/prop-types/download/prop-types-15.7.2.tgz",
      "integrity": "sha1-UsQedbjIfnK52TYOAga5ncv/psU=",
      "peer": true,
      "requires": {
        "loose-envify": "^1.4.0",
        "object-assign": "^4.1.1",
        "react-is": "^16.8.1"
      }
    },
    "ramda": {
      "version": "0.27.1",
      "resolved": "https://registry.npm.taobao.org/ramda/download/ramda-0.27.1.tgz",
      "integrity": "sha1-Zvwt8++HOHT/wtpqqJhGWKus9ck="
    },
    "react": {
      "version": "16.14.0",
      "resolved": "https://registry.npmmirror.com/react/download/react-16.14.0.tgz",
      "integrity": "sha1-lNd23dCqo32j7aj8W2sYpMmjEU0=",
      "peer": true,
      "requires": {
        "loose-envify": "^1.1.0",
        "object-assign": "^4.1.1",
        "prop-types": "^15.6.2"
      }
    },
    "react-dom": {
      "version": "16.14.0",
      "resolved": "https://registry.npmmirror.com/react-dom/download/react-dom-16.14.0.tgz",
      "integrity": "sha1-etg47Cmnd/s8dcOhkPZhz5Kri4k=",
      "peer": true,
      "requires": {
        "loose-envify": "^1.1.0",
        "object-assign": "^4.1.1",
        "prop-types": "^15.6.2",
        "scheduler": "^0.19.1"
      }
    },
    "react-is": {
      "version": "16.13.1",
      "resolved": "https://registry.npmmirror.com/react-is/download/react-is-16.13.1.tgz?cache=0&sync_timestamp=1635839849041&other_urls=https%3A%2F%2Fregistry.npmmirror.com%2Freact-is%2Fdownload%2Freact-is-16.13.1.tgz",
      "integrity": "sha1-eJcppNw23imZ3BVt1sHZwYzqVqQ=",
      "peer": true
    },
    "recordrtc": {
      "version": "5.6.2",
      "resolved": "https://registry.npm.taobao.org/recordrtc/download/recordrtc-5.6.2.tgz",
      "integrity": "sha1-SPwhSzUISXPMzoLGJRGYtXQrwyc="
    },
    "scheduler": {
      "version": "0.19.1",
      "resolved": "https://registry.npmmirror.com/scheduler/download/scheduler-0.19.1.tgz?cache=0&sync_timestamp=1635819785737&other_urls=https%3A%2F%2Fregistry.npmmirror.com%2Fscheduler%2Fdownload%2Fscheduler-0.19.1.tgz",
      "integrity": "sha1-Tz4u0sGn1laB9MhU+oxaHMtA8ZY=",
      "peer": true,
      "requires": {
        "loose-envify": "^1.1.0",
        "object-assign": "^4.1.1"
      }
    },
    "ts-toolbelt": {
      "version": "6.15.5",
      "resolved": "https://registry.nlark.com/ts-toolbelt/download/ts-toolbelt-6.15.5.tgz",
      "integrity": "sha1-yztD7XJctjZEeCxk+8rX2PKMCoM="
    }
  }
}
