{
	"name": "@frontend/dcc-system-components",
	"version": "0.0.6",
	"lockfileVersion": 1,
	"requires": true,
	"dependencies": {
		"@crc/tools-sdk": {
			"version": "1.0.1-alpha.0",
			"resolved": "https://gitlab.codemao.cn/api/v4/projects/1094/packages/npm/@crc/tools-sdk/-/@crc/tools-sdk-1.0.1-alpha.0.tgz",
			"integrity": "sha1-j6p3HagrtJ6aVdklzx1FhWdnJas=",
			"requires": {
				"@types/ramda": "^0.27.44",
				"dsbridge": "3.1.4",
				"penpal": "^6.1.0",
				"ramda": "^0.27.1"
			}
		},
		"@types/ramda": {
			"version": "0.27.45",
			"resolved": "https://registry.npmmirror.com/@types/ramda/download/@types/ramda-0.27.45.tgz?cache=0&sync_timestamp=1632535382066&other_urls=https%3A%2F%2Fregistry.npmmirror.com%2F%40types%2Framda%2Fdownload%2F%40types%2Framda-0.27.45.tgz",
			"integrity": "sha1-HWknNtqPjBmeEMdR1HmcqwPNms0=",
			"requires": {
				"ts-toolbelt": "^6.15.1"
			}
		},
		"classnames": {
			"version": "2.3.1",
			"resolved": "https://registry.npmjs.org/classnames/-/classnames-2.3.1.tgz",
			"integrity": "sha512-OlQdbZ7gLfGarSqxesMesDa5uz7KFbID8Kpq/SxIoNGDqY8lSYs0D+hhtBXhcdB3rcbXArFr7vlHheLk1voeNA=="
		},
		"dsbridge": {
			"version": "3.1.4",
			"resolved": "https://registry.npm.taobao.org/dsbridge/download/dsbridge-3.1.4.tgz",
			"integrity": "sha1-LNWY3vAX349ym0DTO8nHKTTUThk="
		},
		"penpal": {
			"version": "6.1.0",
			"resolved": "https://registry.nlark.com/penpal/download/penpal-6.1.0.tgz?cache=0&sync_timestamp=1627529797952&other_urls=https%3A%2F%2Fregistry.nlark.com%2Fpenpal%2Fdownload%2Fpenpal-6.1.0.tgz",
			"integrity": "sha1-1KnTc8RkCTaApL+YnQoliPLO5dE="
		},
		"ramda": {
			"version": "0.27.1",
			"resolved": "https://registry.nlark.com/ramda/download/ramda-0.27.1.tgz",
			"integrity": "sha1-Zvwt8++HOHT/wtpqqJhGWKus9ck="
		},
		"ts-toolbelt": {
			"version": "6.15.5",
			"resolved": "https://registry.nlark.com/ts-toolbelt/download/ts-toolbelt-6.15.5.tgz",
			"integrity": "sha1-yztD7XJctjZEeCxk+8rX2PKMCoM="
		}
	}
}
