{
  "name": "@frontend/dcc-utils",
  "version": "0.0.9",
  "lockfileVersion": 1,
  "requires": true,
  "dependencies": {
    "@cmao/cdn-uploader": {
      "version": "1.0.12",
      "resolved": "https://cnpm.codemao.cn/@cmao/cdn-uploader/download/@cmao/cdn-uploader-1.0.12.tgz",
      "integrity": "sha1-oasfczJwz29k19ajmWAv06t672g=",
      "requires": {
        "qiniu-js": "^2.5.5"
      }
    },
    "@frontend/dcc-constants": {
      "version": "0.0.1"
    },
    "@frontend/oss-viewer": {
      "version": "0.2.0",
      "resolved": "https://gitlab.codemao.cn/api/v4/projects/588/packages/npm/@frontend/oss-viewer/-/@frontend/oss-viewer-0.2.0.tgz",
      "integrity": "sha1-MNDmiISvJzE/naBptEqDdF6K+R0="
    },
    "axios": {
      "version": "0.21.4",
      "resolved": "https://registry.npmmirror.com/axios/download/axios-0.21.4.tgz?cache=0&sync_timestamp=1634053173003&other_urls=https%3A%2F%2Fregistry.npmmirror.com%2Faxios%2Fdownload%2Faxios-0.21.4.tgz",
      "integrity": "sha1-xnuQ3AVo5cHPKwuFjEO6KOLtpXU=",
      "dev": true,
      "requires": {
        "follow-redirects": "^1.14.0"
      }
    },
    "follow-redirects": {
      "version": "1.14.4",
      "resolved": "https://registry.nlark.com/follow-redirects/download/follow-redirects-1.14.4.tgz?cache=0&sync_timestamp=1631622163078&other_urls=https%3A%2F%2Fregistry.nlark.com%2Ffollow-redirects%2Fdownload%2Ffollow-redirects-1.14.4.tgz",
      "integrity": "sha1-g4/fSKi73XnlLuUfsclOPtmLk3k=",
      "dev": true
    },
    "qiniu-js": {
      "version": "2.5.5",
      "resolved": "https://registry.nlark.com/qiniu-js/download/qiniu-js-2.5.5.tgz",
      "integrity": "sha1-d9KV8iJiD5N31hSPP3V9GJoeSXc="
    }
  }
}
